
Microsoft Visual Studio Solution File, Format Version 12.00
# Visual Studio Version 16
VisualStudioVersion = 16.0.33529.622
MinimumVisualStudioVersion = 10.0.40219.1
Project("{FAE04EC0-301F-11D3-BF4B-00C04F79EFBC}") = "chuong4", "chuong4\chuong4.csproj", "{92E3D201-A1D3-481E-ACFE-87F51314114D}"
EndProject
Global
	GlobalSection(SolutionConfigurationPlatforms) = preSolution
		Debug|Any CPU = Debug|Any CPU
		Release|Any CPU = Release|Any CPU
	EndGlobalSection
	GlobalSection(ProjectConfigurationPlatforms) = postSolution
		{92E3D201-A1D3-481E-ACFE-87F51314114D}.Debug|Any CPU.ActiveCfg = Debug|Any CPU
		{92E3D201-A1D3-481E-ACFE-87F51314114D}.Debug|Any CPU.Build.0 = Debug|Any CPU
		{92E3D201-A1D3-481E-ACFE-87F51314114D}.Release|Any CPU.ActiveCfg = Release|Any CPU
		{92E3D201-A1D3-481E-ACFE-87F51314114D}.Release|Any CPU.Build.0 = Release|Any CPU
	EndGlobalSection
	GlobalSection(SolutionProperties) = preSolution
		HideSolutionNode = FALSE
	EndGlobalSection
	GlobalSection(ExtensibilityGlobals) = postSolution
		SolutionGuid = {369E9617-C790-4AD7-885C-AEA36EF28B5D}
	EndGlobalSection
EndGlobal
